
Microsoft Visual Studio Solution File, Format Version 12.00
# Visual Studio Version 17
VisualStudioVersion = 17.13.35828.75 d17.13
MinimumVisualStudioVersion = 10.0.40219.1
Project("{FAE04EC0-301F-11D3-BF4B-00C04F79EFBC}") = "Reps&Recipes", "Reps&Recipes\Reps&Recipes.csproj", "{C085072D-821E-4206-A932-DDEE8589571C}"
EndProject
Global
	GlobalSection(SolutionConfigurationPlatforms) = preSolution
		Debug|Any CPU = Debug|Any CPU
		Release|Any CPU = Release|Any CPU
	EndGlobalSection
	GlobalSection(ProjectConfigurationPlatforms) = postSolution
		{C085072D-821E-4206-A932-DDEE8589571C}.Debug|Any CPU.ActiveCfg = Debug|Any CPU
		{C085072D-821E-4206-A932-DDEE8589571C}.Debug|Any CPU.Build.0 = Debug|Any CPU
		{C085072D-821E-4206-A932-DDEE8589571C}.Release|Any CPU.ActiveCfg = Release|Any CPU
		{C085072D-821E-4206-A932-DDEE8589571C}.Release|Any CPU.Build.0 = Release|Any CPU
	EndGlobalSection
	GlobalSection(SolutionProperties) = preSolution
		HideSolutionNode = FALSE
	EndGlobalSection
	GlobalSection(ExtensibilityGlobals) = postSolution
		SolutionGuid = {11A718F6-4024-4282-9804-B2D6E91DEE40}
	EndGlobalSection
EndGlobal
